// !$*UTF8*$!
{
	archiveVersion = 1;
	classes = {
	};
	objectVersion = 77;
	objects = {

/* Begin PBXContainerItemProxy section */
		243FDC412DC4C75F002945A1 /* PBXContainerItemProxy */ = {
			isa = PBXContainerItemProxy;
			containerPortal = 243FDC2B2DC4C75E002945A1 /* Project object */;
			proxyType = 1;
			remoteGlobalIDString = 243FDC322DC4C75E002945A1;
			remoteInfo = TestoSim;
		};
		243FDC4B2DC4C75F002945A1 /* PBXContainerItemProxy */ = {
			isa = PBXContainerItemProxy;
			containerPortal = 243FDC2B2DC4C75E002945A1 /* Project object */;
			proxyType = 1;
			remoteGlobalIDString = 243FDC322DC4C75E002945A1;
			remoteInfo = TestoSim;
		};
/* End PBXContainerItemProxy section */

/* Begin PBXFileReference section */
		243FDC332DC4C75E002945A1 /* TestoSim.app */ = {isa = PBXFileReference; explicitFileType = wrapper.application; includeInIndex = 0; path = TestoSim.app; sourceTree = BUILT_PRODUCTS_DIR; };
		243FDC402DC4C75F002945A1 /* TestoSimTests.xctest */ = {isa = PBXFileReference; explicitFileType = wrapper.cfbundle; includeInIndex = 0; path = TestoSimTests.xctest; sourceTree = BUILT_PRODUCTS_DIR; };
		243FDC4A2DC4C75F002945A1 /* TestoSimUITests.xctest */ = {isa = PBXFileReference; explicitFileType = wrapper.cfbundle; includeInIndex = 0; path = TestoSimUITests.xctest; sourceTree = BUILT_PRODUCTS_DIR; };
/* End PBXFileReference section */

/* Begin PBXFileSystemSynchronizedRootGroup section */
		243FDC352DC4C75E002945A1 /* TestoSim */ = {
			isa = PBXFileSystemSynchronizedRootGroup;
			path = TestoSim;
			sourceTree = "<group>";
		};
		243FDC432DC4C75F002945A1 /* TestoSimTests */ = {
			isa = PBXFileSystemSynchronizedRootGroup;
			path = TestoSimTests;
			sourceTree = "<group>";
		};
		243FDC4D2DC4C75F002945A1 /* TestoSimUITests */ = {
			isa = PBXFileSystemSynchronizedRootGroup;
			path = TestoSimUITests;
			sourceTree = "<group>";
		};
/* End PBXFileSystemSynchronizedRootGroup section */

/* Begin PBXFrameworksBuildPhase section */
		243FDC302DC4C75E002945A1 /* Frameworks */ = {
			isa = PBXFrameworksBuildPhase;
			buildActionMask = 2147483647;
			files = (
			);
			runOnlyForDeploymentPostprocessing = 0;
		};
		243FDC3D2DC4C75F002945A1 /* Frameworks */ = {
			isa = PBXFrameworksBuildPhase;
			buildActionMask = 2147483647;
			files = (
			);
			runOnlyForDeploymentPostprocessing = 0;
		};
		243FDC472DC4C75F002945A1 /* Frameworks */ = {
			isa = PBXFrameworksBuildPhase;
			buildActionMask = 2147483647;
			files = (
			);
			runOnlyForDeploymentPostprocessing = 0;
		};
/* End PBXFrameworksBuildPhase section */

/* Begin PBXGroup section */
		243FDC2A2DC4C75E002945A1 = {
			isa = PBXGroup;
			children = (
				243FDC352DC4C75E002945A1 /* TestoSim */,
				243FDC432DC4C75F002945A1 /* TestoSimTests */,
				243FDC4D2DC4C75F002945A1 /* TestoSimUITests */,
				243FDC342DC4C75E002945A1 /* Products */,
			);
			sourceTree = "<group>";
		};
		243FDC342DC4C75E002945A1 /* Products */ = {
			isa = PBXGroup;
			children = (
				243FDC332DC4C75E002945A1 /* TestoSim.app */,
				243FDC402DC4C75F002945A1 /* TestoSimTests.xctest */,
				243FDC4A2DC4C75F002945A1 /* TestoSimUITests.xctest */,
			);
			name = Products;
			sourceTree = "<group>";
		};
/* End PBXGroup section */

/* Begin PBXNativeTarget section */
		243FDC322DC4C75E002945A1 /* TestoSim */ = {
			isa = PBXNativeTarget;
			buildConfigurationList = 243FDC542DC4C75F002945A1 /* Build configuration list for PBXNativeTarget "TestoSim" */;
			buildPhases = (
				243FDC2F2DC4C75E002945A1 /* Sources */,
				243FDC302DC4C75E002945A1 /* Frameworks */,
				243FDC312DC4C75E002945A1 /* Resources */,
			);
			buildRules = (
			);
			dependencies = (
			);
			fileSystemSynchronizedGroups = (
				243FDC352DC4C75E002945A1 /* TestoSim */,
			);
			name = TestoSim;
			packageProductDependencies = (
			);
			productName = TestoSim;
			productReference = 243FDC332DC4C75E002945A1 /* TestoSim.app */;
			productType = "com.apple.product-type.application";
		};
		243FDC3F2DC4C75F002945A1 /* TestoSimTests */ = {
			isa = PBXNativeTarget;
			buildConfigurationList = 243FDC572DC4C75F002945A1 /* Build configuration list for PBXNativeTarget "TestoSimTests" */;
			buildPhases = (
				243FDC3C2DC4C75F002945A1 /* Sources */,
				243FDC3D2DC4C75F002945A1 /* Frameworks */,
				243FDC3E2DC4C75F002945A1 /* Resources */,
			);
			buildRules = (
			);
			dependencies = (
				243FDC422DC4C75F002945A1 /* PBXTargetDependency */,
			);
			fileSystemSynchronizedGroups = (
				243FDC432DC4C75F002945A1 /* TestoSimTests */,
			);
			name = TestoSimTests;
			packageProductDependencies = (
			);
			productName = TestoSimTests;
			productReference = 243FDC402DC4C75F002945A1 /* TestoSimTests.xctest */;
			productType = "com.apple.product-type.bundle.unit-test";
		};
		243FDC492DC4C75F002945A1 /* TestoSimUITests */ = {
			isa = PBXNativeTarget;
			buildConfigurationList = 243FDC5A2DC4C75F002945A1 /* Build configuration list for PBXNativeTarget "TestoSimUITests" */;
			buildPhases = (
				243FDC462DC4C75F002945A1 /* Sources */,
				243FDC472DC4C75F002945A1 /* Frameworks */,
				243FDC482DC4C75F002945A1 /* Resources */,
			);
			buildRules = (
			);
			dependencies = (
				243FDC4C2DC4C75F002945A1 /* PBXTargetDependency */,
			);
			fileSystemSynchronizedGroups = (
				243FDC4D2DC4C75F002945A1 /* TestoSimUITests */,
			);
			name = TestoSimUITests;
			packageProductDependencies = (
			);
			productName = TestoSimUITests;
			productReference = 243FDC4A2DC4C75F002945A1 /* TestoSimUITests.xctest */;
			productType = "com.apple.product-type.bundle.ui-testing";
		};
/* End PBXNativeTarget section */

/* Begin PBXProject section */
		243FDC2B2DC4C75E002945A1 /* Project object */ = {
			isa = PBXProject;
			attributes = {
				BuildIndependentTargetsInParallel = 1;
				LastSwiftUpdateCheck = 1630;
				LastUpgradeCheck = 1630;
				TargetAttributes = {
					243FDC322DC4C75E002945A1 = {
						CreatedOnToolsVersion = 16.3;
					};
					243FDC3F2DC4C75F002945A1 = {
						CreatedOnToolsVersion = 16.3;
						TestTargetID = 243FDC322DC4C75E002945A1;
					};
					243FDC492DC4C75F002945A1 = {
						CreatedOnToolsVersion = 16.3;
						TestTargetID = 243FDC322DC4C75E002945A1;
					};
				};
			};
			buildConfigurationList = 243FDC2E2DC4C75E002945A1 /* Build configuration list for PBXProject "TestoSim" */;
			developmentRegion = en;
			hasScannedForEncodings = 0;
			knownRegions = (
				en,
				Base,
			);
			mainGroup = 243FDC2A2DC4C75E002945A1;
			minimizedProjectReferenceProxies = 1;
			preferredProjectObjectVersion = 77;
			productRefGroup = 243FDC342DC4C75E002945A1 /* Products */;
			projectDirPath = "";
			projectRoot = "";
			targets = (
				243FDC322DC4C75E002945A1 /* TestoSim */,
				243FDC3F2DC4C75F002945A1 /* TestoSimTests */,
				243FDC492DC4C75F002945A1 /* TestoSimUITests */,
			);
		};
/* End PBXProject section */

/* Begin PBXResourcesBuildPhase section */
		243FDC312DC4C75E002945A1 /* Resources */ = {
			isa = PBXResourcesBuildPhase;
			buildActionMask = 2147483647;
			files = (
			);
			runOnlyForDeploymentPostprocessing = 0;
		};
		243FDC3E2DC4C75F002945A1 /* Resources */ = {
			isa = PBXResourcesBuildPhase;
			buildActionMask = 2147483647;
			files = (
			);
			runOnlyForDeploymentPostprocessing = 0;
		};
		243FDC482DC4C75F002945A1 /* Resources */ = {
			isa = PBXResourcesBuildPhase;
			buildActionMask = 2147483647;
			files = (
			);
			runOnlyForDeploymentPostprocessing = 0;
		};
/* End PBXResourcesBuildPhase section */

/* Begin PBXSourcesBuildPhase section */
		243FDC2F2DC4C75E002945A1 /* Sources */ = {
			isa = PBXSourcesBuildPhase;
			buildActionMask = 2147483647;
			files = (
			);
			runOnlyForDeploymentPostprocessing = 0;
		};
		243FDC3C2DC4C75F002945A1 /* Sources */ = {
			isa = PBXSourcesBuildPhase;
			buildActionMask = 2147483647;
			files = (
			);
			runOnlyForDeploymentPostprocessing = 0;
		};
		243FDC462DC4C75F002945A1 /* Sources */ = {
			isa = PBXSourcesBuildPhase;
			buildActionMask = 2147483647;
			files = (
			);
			runOnlyForDeploymentPostprocessing = 0;
		};
/* End PBXSourcesBuildPhase section */

/* Begin PBXTargetDependency section */
		243FDC422DC4C75F002945A1 /* PBXTargetDependency */ = {
			isa = PBXTargetDependency;
			target = 243FDC322DC4C75E002945A1 /* TestoSim */;
			targetProxy = 243FDC412DC4C75F002945A1 /* PBXContainerItemProxy */;
		};
		243FDC4C2DC4C75F002945A1 /* PBXTargetDependency */ = {
			isa = PBXTargetDependency;
			target = 243FDC322DC4C75E002945A1 /* TestoSim */;
			targetProxy = 243FDC4B2DC4C75F002945A1 /* PBXContainerItemProxy */;
		};
/* End PBXTargetDependency section */

/* Begin XCBuildConfiguration section */
		243FDC522DC4C75F002945A1 /* Debug */ = {
			isa = XCBuildConfiguration;
			buildSettings = {
				ALWAYS_SEARCH_USER_PATHS = NO;
				ASSETCATALOG_COMPILER_GENERATE_SWIFT_ASSET_SYMBOL_EXTENSIONS = YES;
				CLANG_ANALYZER_NONNULL = YES;
				CLANG_ANALYZER_NUMBER_OBJECT_CONVERSION = YES_AGGRESSIVE;
				CLANG_CXX_LANGUAGE_STANDARD = "gnu++20";
				CLANG_ENABLE_MODULES = YES;
				CLANG_ENABLE_OBJC_ARC = YES;
				CLANG_ENABLE_OBJC_WEAK = YES;
				CLANG_WARN_BLOCK_CAPTURE_AUTORELEASING = YES;
				CLANG_WARN_BOOL_CONVERSION = YES;
				CLANG_WARN_COMMA = YES;
				CLANG_WARN_CONSTANT_CONVERSION = YES;
				CLANG_WARN_DEPRECATED_OBJC_IMPLEMENTATIONS = YES;
				CLANG_WARN_DIRECT_OBJC_ISA_USAGE = YES_ERROR;
				CLANG_WARN_DOCUMENTATION_COMMENTS = YES;
				CLANG_WARN_EMPTY_BODY = YES;
				CLANG_WARN_ENUM_CONVERSION = YES;
				CLANG_WARN_INFINITE_RECURSION = YES;
				CLANG_WARN_INT_CONVERSION = YES;
				CLANG_WARN_NON_LITERAL_NULL_CONVERSION = YES;
				CLANG_WARN_OBJC_IMPLICIT_RETAIN_SELF = YES;
				CLANG_WARN_OBJC_LITERAL_CONVERSION = YES;
				CLANG_WARN_OBJC_ROOT_CLASS = YES_ERROR;
				CLANG_WARN_QUOTED_INCLUDE_IN_FRAMEWORK_HEADER = YES;
				CLANG_WARN_RANGE_LOOP_ANALYSIS = YES;
				CLANG_WARN_STRICT_PROTOTYPES = YES;
				CLANG_WARN_SUSPICIOUS_MOVE = YES;
				CLANG_WARN_UNGUARDED_AVAILABILITY = YES_AGGRESSIVE;
				CLANG_WARN_UNREACHABLE_CODE = YES;
				CLANG_WARN__DUPLICATE_METHOD_MATCH = YES;
				COPY_PHASE_STRIP = NO;
				DEBUG_INFORMATION_FORMAT = dwarf;
				DEVELOPMENT_TEAM = LF5UPMD2CC;
				ENABLE_STRICT_OBJC_MSGSEND = YES;
				ENABLE_TESTABILITY = YES;
				ENABLE_USER_SCRIPT_SANDBOXING = YES;
				GCC_C_LANGUAGE_STANDARD = gnu17;
				GCC_DYNAMIC_NO_PIC = NO;
				GCC_NO_COMMON_BLOCKS = YES;
				GCC_OPTIMIZATION_LEVEL = 0;
				GCC_PREPROCESSOR_DEFINITIONS = (
					"DEBUG=1",
					"$(inherited)",
				);
				GCC_WARN_64_TO_32_BIT_CONVERSION = YES;
				GCC_WARN_ABOUT_RETURN_TYPE = YES_ERROR;
				GCC_WARN_UNDECLARED_SELECTOR = YES;
				GCC_WARN_UNINITIALIZED_AUTOS = YES_AGGRESSIVE;
				GCC_WARN_UNUSED_FUNCTION = YES;
				GCC_WARN_UNUSED_VARIABLE = YES;
				IPHONEOS_DEPLOYMENT_TARGET = 18.4;
				LOCALIZATION_PREFERS_STRING_CATALOGS = YES;
				MTL_ENABLE_DEBUG_INFO = INCLUDE_SOURCE;
				MTL_FAST_MATH = YES;
				ONLY_ACTIVE_ARCH = YES;
				SDKROOT = iphoneos;
				SWIFT_ACTIVE_COMPILATION_CONDITIONS = "DEBUG $(inherited)";
				SWIFT_OPTIMIZATION_LEVEL = "-Onone";
			};
			name = Debug;
		};
		243FDC532DC4C75F002945A1 /* Release */ = {
			isa = XCBuildConfiguration;
			buildSettings = {
				ALWAYS_SEARCH_USER_PATHS = NO;
				ASSETCATALOG_COMPILER_GENERATE_SWIFT_ASSET_SYMBOL_EXTENSIONS = YES;
				CLANG_ANALYZER_NONNULL = YES;
				CLANG_ANALYZER_NUMBER_OBJECT_CONVERSION = YES_AGGRESSIVE;
				CLANG_CXX_LANGUAGE_STANDARD = "gnu++20";
				CLANG_ENABLE_MODULES = YES;
				CLANG_ENABLE_OBJC_ARC = YES;
				CLANG_ENABLE_OBJC_WEAK = YES;
				CLANG_WARN_BLOCK_CAPTURE_AUTORELEASING = YES;
				CLANG_WARN_BOOL_CONVERSION = YES;
				CLANG_WARN_COMMA = YES;
				CLANG_WARN_CONSTANT_CONVERSION = YES;
				CLANG_WARN_DEPRECATED_OBJC_IMPLEMENTATIONS = YES;
				CLANG_WARN_DIRECT_OBJC_ISA_USAGE = YES_ERROR;
				CLANG_WARN_DOCUMENTATION_COMMENTS = YES;
				CLANG_WARN_EMPTY_BODY = YES;
				CLANG_WARN_ENUM_CONVERSION = YES;
				CLANG_WARN_INFINITE_RECURSION = YES;
				CLANG_WARN_INT_CONVERSION = YES;
				CLANG_WARN_NON_LITERAL_NULL_CONVERSION = YES;
				CLANG_WARN_OBJC_IMPLICIT_RETAIN_SELF = YES;
				CLANG_WARN_OBJC_LITERAL_CONVERSION = YES;
				CLANG_WARN_OBJC_ROOT_CLASS = YES_ERROR;
				CLANG_WARN_QUOTED_INCLUDE_IN_FRAMEWORK_HEADER = YES;
				CLANG_WARN_RANGE_LOOP_ANALYSIS = YES;
				CLANG_WARN_STRICT_PROTOTYPES = YES;
				CLANG_WARN_SUSPICIOUS_MOVE = YES;
				CLANG_WARN_UNGUARDED_AVAILABILITY = YES_AGGRESSIVE;
				CLANG_WARN_UNREACHABLE_CODE = YES;
				CLANG_WARN__DUPLICATE_METHOD_MATCH = YES;
				COPY_PHASE_STRIP = NO;
				DEBUG_INFORMATION_FORMAT = "dwarf-with-dsym";
				DEVELOPMENT_TEAM = LF5UPMD2CC;
				ENABLE_NS_ASSERTIONS = NO;
				ENABLE_STRICT_OBJC_MSGSEND = YES;
				ENABLE_USER_SCRIPT_SANDBOXING = YES;
				GCC_C_LANGUAGE_STANDARD = gnu17;
				GCC_NO_COMMON_BLOCKS = YES;
				GCC_WARN_64_TO_32_BIT_CONVERSION = YES;
				GCC_WARN_ABOUT_RETURN_TYPE = YES_ERROR;
				GCC_WARN_UNDECLARED_SELECTOR = YES;
				GCC_WARN_UNINITIALIZED_AUTOS = YES_AGGRESSIVE;
				GCC_WARN_UNUSED_FUNCTION = YES;
				GCC_WARN_UNUSED_VARIABLE = YES;
				IPHONEOS_DEPLOYMENT_TARGET = 18.4;
				LOCALIZATION_PREFERS_STRING_CATALOGS = YES;
				MTL_ENABLE_DEBUG_INFO = NO;
				MTL_FAST_MATH = YES;
				SDKROOT = iphoneos;
				SWIFT_COMPILATION_MODE = wholemodule;
				VALIDATE_PRODUCT = YES;
			};
			name = Release;
		};
		243FDC552DC4C75F002945A1 /* Debug */ = {
			isa = XCBuildConfiguration;
			buildSettings = {
				ASSETCATALOG_COMPILER_APPICON_NAME = AppIcon;
				ASSETCATALOG_COMPILER_GLOBAL_ACCENT_COLOR_NAME = AccentColor;
				CODE_SIGN_STYLE = Automatic;
				CURRENT_PROJECT_VERSION = 1;
				DEVELOPMENT_TEAM = LF5UPMD2CC;
				ENABLE_PREVIEWS = YES;
				GENERATE_INFOPLIST_FILE = YES;
				INFOPLIST_KEY_UIApplicationSceneManifest_Generation = YES;
				INFOPLIST_KEY_UIApplicationSupportsIndirectInputEvents = YES;
				INFOPLIST_KEY_UILaunchScreen_Generation = YES;
				INFOPLIST_KEY_UISupportedInterfaceOrientations_iPad = "UIInterfaceOrientationPortrait UIInterfaceOrientationPortraitUpsideDown UIInterfaceOrientationLandscapeLeft UIInterfaceOrientationLandscapeRight";
				INFOPLIST_KEY_UISupportedInterfaceOrientations_iPhone = "UIInterfaceOrientationPortrait UIInterfaceOrientationLandscapeLeft UIInterfaceOrientationLandscapeRight";
				LD_RUNPATH_SEARCH_PATHS = (
					"$(inherited)",
					"@executable_path/Frameworks",
				);
				MARKETING_VERSION = 1.0;
				PRODUCT_BUNDLE_IDENTIFIER = flight505.TestoSim;
				PRODUCT_NAME = "$(TARGET_NAME)";
				SWIFT_EMIT_LOC_STRINGS = YES;
				SWIFT_VERSION = 5.0;
				TARGETED_DEVICE_FAMILY = "1,2";
			};
			name = Debug;
		};
		243FDC562DC4C75F002945A1 /* Release */ = {
			isa = XCBuildConfiguration;
			buildSettings = {
				ASSETCATALOG_COMPILER_APPICON_NAME = AppIcon;
				ASSETCATALOG_COMPILER_GLOBAL_ACCENT_COLOR_NAME = AccentColor;
				CODE_SIGN_STYLE = Automatic;
				CURRENT_PROJECT_VERSION = 1;
				DEVELOPMENT_TEAM = LF5UPMD2CC;
				ENABLE_PREVIEWS = YES;
				GENERATE_INFOPLIST_FILE = YES;
				INFOPLIST_KEY_UIApplicationSceneManifest_Generation = YES;
				INFOPLIST_KEY_UIApplicationSupportsIndirectInputEvents = YES;
				INFOPLIST_KEY_UILaunchScreen_Generation = YES;
				INFOPLIST_KEY_UISupportedInterfaceOrientations_iPad = "UIInterfaceOrientationPortrait UIInterfaceOrientationPortraitUpsideDown UIInterfaceOrientationLandscapeLeft UIInterfaceOrientationLandscapeRight";
				INFOPLIST_KEY_UISupportedInterfaceOrientations_iPhone = "UIInterfaceOrientationPortrait UIInterfaceOrientationLandscapeLeft UIInterfaceOrientationLandscapeRight";
				LD_RUNPATH_SEARCH_PATHS = (
					"$(inherited)",
					"@executable_path/Frameworks",
				);
				MARKETING_VERSION = 1.0;
				PRODUCT_BUNDLE_IDENTIFIER = flight505.TestoSim;
				PRODUCT_NAME = "$(TARGET_NAME)";
				SWIFT_EMIT_LOC_STRINGS = YES;
				SWIFT_VERSION = 5.0;
				TARGETED_DEVICE_FAMILY = "1,2";
			};
			name = Release;
		};
		243FDC582DC4C75F002945A1 /* Debug */ = {
			isa = XCBuildConfiguration;
			buildSettings = {
				BUNDLE_LOADER = "$(TEST_HOST)";
				CODE_SIGN_STYLE = Automatic;
				CURRENT_PROJECT_VERSION = 1;
				DEVELOPMENT_TEAM = LF5UPMD2CC;
				GENERATE_INFOPLIST_FILE = YES;
				IPHONEOS_DEPLOYMENT_TARGET = 18.4;
				MARKETING_VERSION = 1.0;
				PRODUCT_BUNDLE_IDENTIFIER = flight505.TestoSimTests;
				PRODUCT_NAME = "$(TARGET_NAME)";
				SWIFT_EMIT_LOC_STRINGS = NO;
				SWIFT_VERSION = 5.0;
				TARGETED_DEVICE_FAMILY = "1,2";
				TEST_HOST = "$(BUILT_PRODUCTS_DIR)/TestoSim.app/$(BUNDLE_EXECUTABLE_FOLDER_PATH)/TestoSim";
			};
			name = Debug;
		};
		243FDC592DC4C75F002945A1 /* Release */ = {
			isa = XCBuildConfiguration;
			buildSettings = {
				BUNDLE_LOADER = "$(TEST_HOST)";
				CODE_SIGN_STYLE = Automatic;
				CURRENT_PROJECT_VERSION = 1;
				DEVELOPMENT_TEAM = LF5UPMD2CC;
				GENERATE_INFOPLIST_FILE = YES;
				IPHONEOS_DEPLOYMENT_TARGET = 18.4;
				MARKETING_VERSION = 1.0;
				PRODUCT_BUNDLE_IDENTIFIER = flight505.TestoSimTests;
				PRODUCT_NAME = "$(TARGET_NAME)";
				SWIFT_EMIT_LOC_STRINGS = NO;
				SWIFT_VERSION = 5.0;
				TARGETED_DEVICE_FAMILY = "1,2";
				TEST_HOST = "$(BUILT_PRODUCTS_DIR)/TestoSim.app/$(BUNDLE_EXECUTABLE_FOLDER_PATH)/TestoSim";
			};
			name = Release;
		};
		243FDC5B2DC4C75F002945A1 /* Debug */ = {
			isa = XCBuildConfiguration;
			buildSettings = {
				CODE_SIGN_STYLE = Automatic;
				CURRENT_PROJECT_VERSION = 1;
				DEVELOPMENT_TEAM = LF5UPMD2CC;
				GENERATE_INFOPLIST_FILE = YES;
				MARKETING_VERSION = 1.0;
				PRODUCT_BUNDLE_IDENTIFIER = flight505.TestoSimUITests;
				PRODUCT_NAME = "$(TARGET_NAME)";
				SWIFT_EMIT_LOC_STRINGS = NO;
				SWIFT_VERSION = 5.0;
				TARGETED_DEVICE_FAMILY = "1,2";
				TEST_TARGET_NAME = TestoSim;
			};
			name = Debug;
		};
		243FDC5C2DC4C75F002945A1 /* Release */ = {
			isa = XCBuildConfiguration;
			buildSettings = {
				CODE_SIGN_STYLE = Automatic;
				CURRENT_PROJECT_VERSION = 1;
				DEVELOPMENT_TEAM = LF5UPMD2CC;
				GENERATE_INFOPLIST_FILE = YES;
				MARKETING_VERSION = 1.0;
				PRODUCT_BUNDLE_IDENTIFIER = flight505.TestoSimUITests;
				PRODUCT_NAME = "$(TARGET_NAME)";
				SWIFT_EMIT_LOC_STRINGS = NO;
				SWIFT_VERSION = 5.0;
				TARGETED_DEVICE_FAMILY = "1,2";
				TEST_TARGET_NAME = TestoSim;
			};
			name = Release;
		};
/* End XCBuildConfiguration section */

/* Begin XCConfigurationList section */
		243FDC2E2DC4C75E002945A1 /* Build configuration list for PBXProject "TestoSim" */ = {
			isa = XCConfigurationList;
			buildConfigurations = (
				243FDC522DC4C75F002945A1 /* Debug */,
				243FDC532DC4C75F002945A1 /* Release */,
			);
			defaultConfigurationIsVisible = 0;
			defaultConfigurationName = Release;
		};
		243FDC542DC4C75F002945A1 /* Build configuration list for PBXNativeTarget "TestoSim" */ = {
			isa = XCConfigurationList;
			buildConfigurations = (
				243FDC552DC4C75F002945A1 /* Debug */,
				243FDC562DC4C75F002945A1 /* Release */,
			);
			defaultConfigurationIsVisible = 0;
			defaultConfigurationName = Release;
		};
		243FDC572DC4C75F002945A1 /* Build configuration list for PBXNativeTarget "TestoSimTests" */ = {
			isa = XCConfigurationList;
			buildConfigurations = (
				243FDC582DC4C75F002945A1 /* Debug */,
				243FDC592DC4C75F002945A1 /* Release */,
			);
			defaultConfigurationIsVisible = 0;
			defaultConfigurationName = Release;
		};
		243FDC5A2DC4C75F002945A1 /* Build configuration list for PBXNativeTarget "TestoSimUITests" */ = {
			isa = XCConfigurationList;
			buildConfigurations = (
				243FDC5B2DC4C75F002945A1 /* Debug */,
				243FDC5C2DC4C75F002945A1 /* Release */,
			);
			defaultConfigurationIsVisible = 0;
			defaultConfigurationName = Release;
		};
/* End XCConfigurationList section */
	};
	rootObject = 243FDC2B2DC4C75E002945A1 /* Project object */;
}
